<?xml version="1.0" encoding="UTF-8"?>
<!DOCTYPE plist PUBLIC "-//Apple//DTD PLIST 1.0//EN" "http://www.apple.com/DTDs/PropertyList-1.0.dtd">
<plist version="1.0">
<dict>
	<key>JSON</key>
	<string>(text CONTAINS[cd] "{" AND text CONTAINS[cd] "," AND text CONTAINS[cd] "\"" AND text CONTAINS[cd] ":" AND text CONTAINS[cd] "}") OR (text CONTAINS[cd] "[" AND text CONTAINS[cd] "," AND text CONTAINS[cd] "\"" AND text CONTAINS[cd] "]")</string>
</dict>
</plist>
